
Microsoft Visual Studio Solution File, Format Version 12.00
Project("{2150E333-8FDC-42A3-9474-1A3956D46DE8}") = "src", "src", "{8267A241-A968-48C0-929A-2BEF8E2A14AF}"
EndProject
Project("{2150E333-8FDC-42A3-9474-1A3956D46DE8}") = "test", "test", "{EEB6AD93-C862-409B-861A-B122CEE4DCA2}"
EndProject
Project("{FAE04EC0-301F-11D3-BF4B-00C04F79EFBC}") = "Berry.Spider.Core", "src\Berry.Spider.Core\Berry.Spider.Core.csproj", "{5CCD2E94-01CF-4F72-99B2-5DF458747F99}"
EndProject
Project("{FAE04EC0-301F-11D3-BF4B-00C04F79EFBC}") = "Berry.Spider.TouTiao", "src\Berry.Spider.TouTiao\Berry.Spider.TouTiao.csproj", "{09A70376-3B22-413F-A2D8-80C9B81E2C88}"
EndProject
Project("{FAE04EC0-301F-11D3-BF4B-00C04F79EFBC}") = "Berry.Spider.Proxy", "src\Berry.Spider.Proxy\Berry.Spider.Proxy.csproj", "{8F5EFA6F-6997-4E36-A943-A28C48313310}"
EndProject
Project("{FAE04EC0-301F-11D3-BF4B-00C04F79EFBC}") = "Berry.Spider.TouTiao.Sender", "src\Berry.Spider.TouTiao.Sender\Berry.Spider.TouTiao.Sender.csproj", "{5625D539-2432-4A05-AB0C-3E1DE23EA36D}"
EndProject
Project("{FAE04EC0-301F-11D3-BF4B-00C04F79EFBC}") = "Berry.Spider.TouTiao.Contracts", "src\Berry.Spider.TouTiao.Contracts\Berry.Spider.TouTiao.Contracts.csproj", "{91D15849-22D6-42CD-84D7-35A96C0D2EAB}"
EndProject
Project("{FAE04EC0-301F-11D3-BF4B-00C04F79EFBC}") = "Berry.Spider.Consumers", "src\Berry.Spider.Consumers\Berry.Spider.Consumers.csproj", "{A3626897-DEEC-4929-9EC3-DBABF6CAA85E}"
EndProject
Project("{2150E333-8FDC-42A3-9474-1A3956D46DE8}") = "app", "app", "{DAC6D741-6163-4917-A926-778D6DAD0EE0}"
EndProject
Project("{2150E333-8FDC-42A3-9474-1A3956D46DE8}") = "toutiao", "toutiao", "{EDB4C913-7DC8-493B-B057-9B7090448DDE}"
EndProject
Project("{FAE04EC0-301F-11D3-BF4B-00C04F79EFBC}") = "Berry.Spider.EntityFrameworkCore", "src\Berry.Spider.EntityFrameworkCore\Berry.Spider.EntityFrameworkCore.csproj", "{7D96A8D8-811E-4A6E-856C-0A6D0588D368}"
EndProject
Project("{FAE04EC0-301F-11D3-BF4B-00C04F79EFBC}") = "Berry.Spider.Domain", "src\Berry.Spider.Domain\Berry.Spider.Domain.csproj", "{C7F95C49-1A57-431F-99B4-644EBF85033E}"
EndProject
Project("{FAE04EC0-301F-11D3-BF4B-00C04F79EFBC}") = "Berry.Spider.Domain.Shared", "src\Berry.Spider.Domain.Shared\Berry.Spider.Domain.Shared.csproj", "{19700694-945A-4484-9EB5-2CC5A9114CF1}"
EndProject
Project("{2150E333-8FDC-42A3-9474-1A3956D46DE8}") = "doc", "doc", "{093F9BD9-59EE-49FA-87D2-96AB2995EE26}"
	ProjectSection(SolutionItems) = preProject
		doc\Selenium.README.txt = doc\Selenium.README.txt
	EndProjectSection
EndProject
Project("{FAE04EC0-301F-11D3-BF4B-00C04F79EFBC}") = "Berry.Spider.Contracts", "src\Berry.Spider.Contracts\Berry.Spider.Contracts.csproj", "{A0D6AA7D-9654-4185-945E-33B1831F73BD}"
EndProject
Project("{FAE04EC0-301F-11D3-BF4B-00C04F79EFBC}") = "Berry.Spider.HttpApi", "src\Berry.Spider.HttpApi\Berry.Spider.HttpApi.csproj", "{DD4DD90F-E46A-4941-8BA8-382632F6F4FC}"
EndProject
Project("{2150E333-8FDC-42A3-9474-1A3956D46DE8}") = "host", "host", "{A62EA0AB-0556-4384-8F50-B4C713DE74EB}"
EndProject
Project("{FAE04EC0-301F-11D3-BF4B-00C04F79EFBC}") = "Berry.Spider.HttpApi.Host", "host\Berry.Spider.HttpApi.Host\Berry.Spider.HttpApi.Host.csproj", "{A9BA18A9-DC1F-49EA-9186-18E2FEE358DB}"
EndProject
Project("{2150E333-8FDC-42A3-9474-1A3956D46DE8}") = "spider", "spider", "{A367E6F6-AAE2-4ED0-B0C1-FB7BACE3CFC3}"
EndProject
Project("{FAE04EC0-301F-11D3-BF4B-00C04F79EFBC}") = "Berry.Spider.Application", "src\Berry.Spider.Application\Berry.Spider.Application.csproj", "{C0057448-D22D-40A5-B78C-C3154BF7DBE4}"
EndProject
Project("{2150E333-8FDC-42A3-9474-1A3956D46DE8}") = "baidu", "baidu", "{8202E0ED-BECA-48CE-83E7-1EEB4B12A6A3}"
EndProject
Project("{FAE04EC0-301F-11D3-BF4B-00C04F79EFBC}") = "Berry.Spider.Baidu.Contracts", "src\Berry.Spider.Baidu.Contracts\Berry.Spider.Baidu.Contracts.csproj", "{D2EBF694-0152-4E73-A2CF-E268BE67BAEC}"
EndProject
Project("{FAE04EC0-301F-11D3-BF4B-00C04F79EFBC}") = "Berry.Spider.Baidu", "src\Berry.Spider.Baidu\Berry.Spider.Baidu.csproj", "{A9267021-7218-4BCA-9486-93727FEAD581}"
EndProject
Project("{FAE04EC0-301F-11D3-BF4B-00C04F79EFBC}") = "Berry.Spider.Tests", "test\Berry.Spider.Tests\Berry.Spider.Tests.csproj", "{228C47BA-251A-4A0D-9380-643DF4D8EFE1}"
EndProject
Project("{2150E333-8FDC-42A3-9474-1A3956D46DE8}") = ".docker", ".docker", "{0B5B28FB-DC56-4BA8-AF99-1408EBB8A01C}"
	ProjectSection(SolutionItems) = preProject
		Dockerfile_Consumers = Dockerfile_Consumers
		Dockerfile_ApiHost = Dockerfile_ApiHost
	EndProjectSection
EndProject
Global
	GlobalSection(SolutionConfigurationPlatforms) = preSolution
		Debug|Any CPU = Debug|Any CPU
		Release|Any CPU = Release|Any CPU
	EndGlobalSection
	GlobalSection(NestedProjects) = preSolution
		{5CCD2E94-01CF-4F72-99B2-5DF458747F99} = {8267A241-A968-48C0-929A-2BEF8E2A14AF}
		{8F5EFA6F-6997-4E36-A943-A28C48313310} = {8267A241-A968-48C0-929A-2BEF8E2A14AF}
		{DAC6D741-6163-4917-A926-778D6DAD0EE0} = {8267A241-A968-48C0-929A-2BEF8E2A14AF}
		{EDB4C913-7DC8-493B-B057-9B7090448DDE} = {DAC6D741-6163-4917-A926-778D6DAD0EE0}
		{91D15849-22D6-42CD-84D7-35A96C0D2EAB} = {EDB4C913-7DC8-493B-B057-9B7090448DDE}
		{09A70376-3B22-413F-A2D8-80C9B81E2C88} = {EDB4C913-7DC8-493B-B057-9B7090448DDE}
		{7D96A8D8-811E-4A6E-856C-0A6D0588D368} = {8267A241-A968-48C0-929A-2BEF8E2A14AF}
		{C7F95C49-1A57-431F-99B4-644EBF85033E} = {8267A241-A968-48C0-929A-2BEF8E2A14AF}
		{19700694-945A-4484-9EB5-2CC5A9114CF1} = {8267A241-A968-48C0-929A-2BEF8E2A14AF}
		{DD4DD90F-E46A-4941-8BA8-382632F6F4FC} = {8267A241-A968-48C0-929A-2BEF8E2A14AF}
		{A9BA18A9-DC1F-49EA-9186-18E2FEE358DB} = {A62EA0AB-0556-4384-8F50-B4C713DE74EB}
		{A367E6F6-AAE2-4ED0-B0C1-FB7BACE3CFC3} = {DAC6D741-6163-4917-A926-778D6DAD0EE0}
		{A0D6AA7D-9654-4185-945E-33B1831F73BD} = {A367E6F6-AAE2-4ED0-B0C1-FB7BACE3CFC3}
		{C0057448-D22D-40A5-B78C-C3154BF7DBE4} = {A367E6F6-AAE2-4ED0-B0C1-FB7BACE3CFC3}
		{8202E0ED-BECA-48CE-83E7-1EEB4B12A6A3} = {DAC6D741-6163-4917-A926-778D6DAD0EE0}
		{D2EBF694-0152-4E73-A2CF-E268BE67BAEC} = {8202E0ED-BECA-48CE-83E7-1EEB4B12A6A3}
		{A9267021-7218-4BCA-9486-93727FEAD581} = {8202E0ED-BECA-48CE-83E7-1EEB4B12A6A3}
		{228C47BA-251A-4A0D-9380-643DF4D8EFE1} = {EEB6AD93-C862-409B-861A-B122CEE4DCA2}
		{5625D539-2432-4A05-AB0C-3E1DE23EA36D} = {A62EA0AB-0556-4384-8F50-B4C713DE74EB}
		{A3626897-DEEC-4929-9EC3-DBABF6CAA85E} = {A62EA0AB-0556-4384-8F50-B4C713DE74EB}
	EndGlobalSection
	GlobalSection(ProjectConfigurationPlatforms) = postSolution
		{5CCD2E94-01CF-4F72-99B2-5DF458747F99}.Debug|Any CPU.ActiveCfg = Debug|Any CPU
		{5CCD2E94-01CF-4F72-99B2-5DF458747F99}.Debug|Any CPU.Build.0 = Debug|Any CPU
		{5CCD2E94-01CF-4F72-99B2-5DF458747F99}.Release|Any CPU.ActiveCfg = Release|Any CPU
		{5CCD2E94-01CF-4F72-99B2-5DF458747F99}.Release|Any CPU.Build.0 = Release|Any CPU
		{09A70376-3B22-413F-A2D8-80C9B81E2C88}.Debug|Any CPU.ActiveCfg = Debug|Any CPU
		{09A70376-3B22-413F-A2D8-80C9B81E2C88}.Debug|Any CPU.Build.0 = Debug|Any CPU
		{09A70376-3B22-413F-A2D8-80C9B81E2C88}.Release|Any CPU.ActiveCfg = Release|Any CPU
		{09A70376-3B22-413F-A2D8-80C9B81E2C88}.Release|Any CPU.Build.0 = Release|Any CPU
		{8F5EFA6F-6997-4E36-A943-A28C48313310}.Debug|Any CPU.ActiveCfg = Debug|Any CPU
		{8F5EFA6F-6997-4E36-A943-A28C48313310}.Debug|Any CPU.Build.0 = Debug|Any CPU
		{8F5EFA6F-6997-4E36-A943-A28C48313310}.Release|Any CPU.ActiveCfg = Release|Any CPU
		{8F5EFA6F-6997-4E36-A943-A28C48313310}.Release|Any CPU.Build.0 = Release|Any CPU
		{5625D539-2432-4A05-AB0C-3E1DE23EA36D}.Debug|Any CPU.ActiveCfg = Debug|Any CPU
		{5625D539-2432-4A05-AB0C-3E1DE23EA36D}.Debug|Any CPU.Build.0 = Debug|Any CPU
		{5625D539-2432-4A05-AB0C-3E1DE23EA36D}.Release|Any CPU.ActiveCfg = Release|Any CPU
		{5625D539-2432-4A05-AB0C-3E1DE23EA36D}.Release|Any CPU.Build.0 = Release|Any CPU
		{91D15849-22D6-42CD-84D7-35A96C0D2EAB}.Debug|Any CPU.ActiveCfg = Debug|Any CPU
		{91D15849-22D6-42CD-84D7-35A96C0D2EAB}.Debug|Any CPU.Build.0 = Debug|Any CPU
		{91D15849-22D6-42CD-84D7-35A96C0D2EAB}.Release|Any CPU.ActiveCfg = Release|Any CPU
		{91D15849-22D6-42CD-84D7-35A96C0D2EAB}.Release|Any CPU.Build.0 = Release|Any CPU
		{A3626897-DEEC-4929-9EC3-DBABF6CAA85E}.Debug|Any CPU.ActiveCfg = Debug|Any CPU
		{A3626897-DEEC-4929-9EC3-DBABF6CAA85E}.Debug|Any CPU.Build.0 = Debug|Any CPU
		{A3626897-DEEC-4929-9EC3-DBABF6CAA85E}.Release|Any CPU.ActiveCfg = Release|Any CPU
		{A3626897-DEEC-4929-9EC3-DBABF6CAA85E}.Release|Any CPU.Build.0 = Release|Any CPU
		{7D96A8D8-811E-4A6E-856C-0A6D0588D368}.Debug|Any CPU.ActiveCfg = Debug|Any CPU
		{7D96A8D8-811E-4A6E-856C-0A6D0588D368}.Debug|Any CPU.Build.0 = Debug|Any CPU
		{7D96A8D8-811E-4A6E-856C-0A6D0588D368}.Release|Any CPU.ActiveCfg = Release|Any CPU
		{7D96A8D8-811E-4A6E-856C-0A6D0588D368}.Release|Any CPU.Build.0 = Release|Any CPU
		{C7F95C49-1A57-431F-99B4-644EBF85033E}.Debug|Any CPU.ActiveCfg = Debug|Any CPU
		{C7F95C49-1A57-431F-99B4-644EBF85033E}.Debug|Any CPU.Build.0 = Debug|Any CPU
		{C7F95C49-1A57-431F-99B4-644EBF85033E}.Release|Any CPU.ActiveCfg = Release|Any CPU
		{C7F95C49-1A57-431F-99B4-644EBF85033E}.Release|Any CPU.Build.0 = Release|Any CPU
		{19700694-945A-4484-9EB5-2CC5A9114CF1}.Debug|Any CPU.ActiveCfg = Debug|Any CPU
		{19700694-945A-4484-9EB5-2CC5A9114CF1}.Debug|Any CPU.Build.0 = Debug|Any CPU
		{19700694-945A-4484-9EB5-2CC5A9114CF1}.Release|Any CPU.ActiveCfg = Release|Any CPU
		{19700694-945A-4484-9EB5-2CC5A9114CF1}.Release|Any CPU.Build.0 = Release|Any CPU
		{A0D6AA7D-9654-4185-945E-33B1831F73BD}.Debug|Any CPU.ActiveCfg = Debug|Any CPU
		{A0D6AA7D-9654-4185-945E-33B1831F73BD}.Debug|Any CPU.Build.0 = Debug|Any CPU
		{A0D6AA7D-9654-4185-945E-33B1831F73BD}.Release|Any CPU.ActiveCfg = Release|Any CPU
		{A0D6AA7D-9654-4185-945E-33B1831F73BD}.Release|Any CPU.Build.0 = Release|Any CPU
		{DD4DD90F-E46A-4941-8BA8-382632F6F4FC}.Debug|Any CPU.ActiveCfg = Debug|Any CPU
		{DD4DD90F-E46A-4941-8BA8-382632F6F4FC}.Debug|Any CPU.Build.0 = Debug|Any CPU
		{DD4DD90F-E46A-4941-8BA8-382632F6F4FC}.Release|Any CPU.ActiveCfg = Release|Any CPU
		{DD4DD90F-E46A-4941-8BA8-382632F6F4FC}.Release|Any CPU.Build.0 = Release|Any CPU
		{A9BA18A9-DC1F-49EA-9186-18E2FEE358DB}.Debug|Any CPU.ActiveCfg = Debug|Any CPU
		{A9BA18A9-DC1F-49EA-9186-18E2FEE358DB}.Debug|Any CPU.Build.0 = Debug|Any CPU
		{A9BA18A9-DC1F-49EA-9186-18E2FEE358DB}.Release|Any CPU.ActiveCfg = Release|Any CPU
		{A9BA18A9-DC1F-49EA-9186-18E2FEE358DB}.Release|Any CPU.Build.0 = Release|Any CPU
		{C0057448-D22D-40A5-B78C-C3154BF7DBE4}.Debug|Any CPU.ActiveCfg = Debug|Any CPU
		{C0057448-D22D-40A5-B78C-C3154BF7DBE4}.Debug|Any CPU.Build.0 = Debug|Any CPU
		{C0057448-D22D-40A5-B78C-C3154BF7DBE4}.Release|Any CPU.ActiveCfg = Release|Any CPU
		{C0057448-D22D-40A5-B78C-C3154BF7DBE4}.Release|Any CPU.Build.0 = Release|Any CPU
		{D2EBF694-0152-4E73-A2CF-E268BE67BAEC}.Debug|Any CPU.ActiveCfg = Debug|Any CPU
		{D2EBF694-0152-4E73-A2CF-E268BE67BAEC}.Debug|Any CPU.Build.0 = Debug|Any CPU
		{D2EBF694-0152-4E73-A2CF-E268BE67BAEC}.Release|Any CPU.ActiveCfg = Release|Any CPU
		{D2EBF694-0152-4E73-A2CF-E268BE67BAEC}.Release|Any CPU.Build.0 = Release|Any CPU
		{A9267021-7218-4BCA-9486-93727FEAD581}.Debug|Any CPU.ActiveCfg = Debug|Any CPU
		{A9267021-7218-4BCA-9486-93727FEAD581}.Debug|Any CPU.Build.0 = Debug|Any CPU
		{A9267021-7218-4BCA-9486-93727FEAD581}.Release|Any CPU.ActiveCfg = Release|Any CPU
		{A9267021-7218-4BCA-9486-93727FEAD581}.Release|Any CPU.Build.0 = Release|Any CPU
		{228C47BA-251A-4A0D-9380-643DF4D8EFE1}.Debug|Any CPU.ActiveCfg = Debug|Any CPU
		{228C47BA-251A-4A0D-9380-643DF4D8EFE1}.Debug|Any CPU.Build.0 = Debug|Any CPU
		{228C47BA-251A-4A0D-9380-643DF4D8EFE1}.Release|Any CPU.ActiveCfg = Release|Any CPU
		{228C47BA-251A-4A0D-9380-643DF4D8EFE1}.Release|Any CPU.Build.0 = Release|Any CPU
	EndGlobalSection
EndGlobal
