
Microsoft Visual Studio Solution File, Format Version 12.00
# Visual Studio Version 17
VisualStudioVersion = 17.1.32228.430
MinimumVisualStudioVersion = 10.0.40219.1
Project("{2150E333-8FDC-42A3-9474-1A3956D46DE8}") = "src", "src", "{8267A241-A968-48C0-929A-2BEF8E2A14AF}"
EndProject
Project("{2150E333-8FDC-42A3-9474-1A3956D46DE8}") = "test", "test", "{EEB6AD93-C862-409B-861A-B122CEE4DCA2}"
EndProject
Project("{9A19103F-16F7-4668-BE54-9A1E7A4F7556}") = "Berry.Spider.Core", "src\Berry.Spider.Core\Berry.Spider.Core.csproj", "{5CCD2E94-01CF-4F72-99B2-5DF458747F99}"
EndProject
Project("{9A19103F-16F7-4668-BE54-9A1E7A4F7556}") = "Berry.Spider.TouTiao", "src\Berry.Spider.TouTiao\Berry.Spider.TouTiao.csproj", "{09A70376-3B22-413F-A2D8-80C9B81E2C88}"
EndProject
Project("{9A19103F-16F7-4668-BE54-9A1E7A4F7556}") = "Berry.Spider.Proxy.Local", "src\Berry.Spider.Proxy.Local\Berry.Spider.Proxy.Local.csproj", "{8F5EFA6F-6997-4E36-A943-A28C48313310}"
EndProject
Project("{9A19103F-16F7-4668-BE54-9A1E7A4F7556}") = "Berry.Spider.TouTiao.Contracts", "src\Berry.Spider.TouTiao.Contracts\Berry.Spider.TouTiao.Contracts.csproj", "{91D15849-22D6-42CD-84D7-35A96C0D2EAB}"
EndProject
Project("{9A19103F-16F7-4668-BE54-9A1E7A4F7556}") = "Berry.Spider.Push.Consumers", "src\Berry.Spider.Push.Consumers\Berry.Spider.Push.Consumers.csproj", "{A3626897-DEEC-4929-9EC3-DBABF6CAA85E}"
EndProject
Project("{2150E333-8FDC-42A3-9474-1A3956D46DE8}") = "app", "app", "{DAC6D741-6163-4917-A926-778D6DAD0EE0}"
EndProject
Project("{2150E333-8FDC-42A3-9474-1A3956D46DE8}") = "toutiao", "toutiao", "{EDB4C913-7DC8-493B-B057-9B7090448DDE}"
EndProject
Project("{9A19103F-16F7-4668-BE54-9A1E7A4F7556}") = "Berry.Spider.EntityFrameworkCore", "src\Berry.Spider.EntityFrameworkCore\Berry.Spider.EntityFrameworkCore.csproj", "{7D96A8D8-811E-4A6E-856C-0A6D0588D368}"
EndProject
Project("{9A19103F-16F7-4668-BE54-9A1E7A4F7556}") = "Berry.Spider.Domain", "src\Berry.Spider.Domain\Berry.Spider.Domain.csproj", "{C7F95C49-1A57-431F-99B4-644EBF85033E}"
EndProject
Project("{9A19103F-16F7-4668-BE54-9A1E7A4F7556}") = "Berry.Spider.Domain.Shared", "src\Berry.Spider.Domain.Shared\Berry.Spider.Domain.Shared.csproj", "{19700694-945A-4484-9EB5-2CC5A9114CF1}"
EndProject
Project("{2150E333-8FDC-42A3-9474-1A3956D46DE8}") = "doc", "doc", "{093F9BD9-59EE-49FA-87D2-96AB2995EE26}"
	ProjectSection(SolutionItems) = preProject
		doc\docker-compose.yml = doc\docker-compose.yml
		doc\HOW.README = doc\HOW.README
		doc\Selenium.README.txt = doc\Selenium.README.txt
	EndProjectSection
EndProject
Project("{9A19103F-16F7-4668-BE54-9A1E7A4F7556}") = "Berry.Spider.Contracts", "src\Berry.Spider.Contracts\Berry.Spider.Contracts.csproj", "{A0D6AA7D-9654-4185-945E-33B1831F73BD}"
EndProject
Project("{9A19103F-16F7-4668-BE54-9A1E7A4F7556}") = "Berry.Spider.HttpApi", "src\Berry.Spider.HttpApi\Berry.Spider.HttpApi.csproj", "{DD4DD90F-E46A-4941-8BA8-382632F6F4FC}"
EndProject
Project("{2150E333-8FDC-42A3-9474-1A3956D46DE8}") = "host", "host", "{A62EA0AB-0556-4384-8F50-B4C713DE74EB}"
EndProject
Project("{9A19103F-16F7-4668-BE54-9A1E7A4F7556}") = "Berry.Spider.HttpApi.Host", "host\Berry.Spider.HttpApi.Host\Berry.Spider.HttpApi.Host.csproj", "{A9BA18A9-DC1F-49EA-9186-18E2FEE358DB}"
EndProject
Project("{2150E333-8FDC-42A3-9474-1A3956D46DE8}") = "spider", "spider", "{A367E6F6-AAE2-4ED0-B0C1-FB7BACE3CFC3}"
EndProject
Project("{9A19103F-16F7-4668-BE54-9A1E7A4F7556}") = "Berry.Spider.Application", "src\Berry.Spider.Application\Berry.Spider.Application.csproj", "{C0057448-D22D-40A5-B78C-C3154BF7DBE4}"
EndProject
Project("{2150E333-8FDC-42A3-9474-1A3956D46DE8}") = "baidu", "baidu", "{8202E0ED-BECA-48CE-83E7-1EEB4B12A6A3}"
EndProject
Project("{9A19103F-16F7-4668-BE54-9A1E7A4F7556}") = "Berry.Spider.Baidu.Contracts", "src\Berry.Spider.Baidu.Contracts\Berry.Spider.Baidu.Contracts.csproj", "{D2EBF694-0152-4E73-A2CF-E268BE67BAEC}"
EndProject
Project("{9A19103F-16F7-4668-BE54-9A1E7A4F7556}") = "Berry.Spider.Baidu", "src\Berry.Spider.Baidu\Berry.Spider.Baidu.csproj", "{A9267021-7218-4BCA-9486-93727FEAD581}"
EndProject
Project("{9A19103F-16F7-4668-BE54-9A1E7A4F7556}") = "Berry.Spider.Tests", "test\Berry.Spider.Tests\Berry.Spider.Tests.csproj", "{228C47BA-251A-4A0D-9380-643DF4D8EFE1}"
EndProject
Project("{2150E333-8FDC-42A3-9474-1A3956D46DE8}") = ".docker", ".docker", "{0B5B28FB-DC56-4BA8-AF99-1408EBB8A01C}"
	ProjectSection(SolutionItems) = preProject
		Dockerfile_ApiHost = Dockerfile_ApiHost
		Dockerfile_Consumers = Dockerfile_Consumers
	EndProjectSection
EndProject
Project("{9A19103F-16F7-4668-BE54-9A1E7A4F7556}") = "Berry.Spider.Pull.Consumers", "src\Berry.Spider.Pull.Consumers\Berry.Spider.Pull.Consumers.csproj", "{C517153B-8B06-486F-87F7-4F2FB3DFF435}"
EndProject
Project("{9A19103F-16F7-4668-BE54-9A1E7A4F7556}") = "Berry.Spider.AspNetCore.Mvc", "src\Berry.Spider.AspNetCore.Mvc\Berry.Spider.AspNetCore.Mvc.csproj", "{4D46BB6D-E501-4404-B235-3874546A63EE}"
EndProject
Project("{2150E333-8FDC-42A3-9474-1A3956D46DE8}") = "mmonly", "mmonly", "{D6F3C84D-94DF-49E9-85BB-1297B1994306}"
EndProject
Project("{9A19103F-16F7-4668-BE54-9A1E7A4F7556}") = "Berry.Spider.Mmonly", "src\Berry.Spider.Mmonly\Berry.Spider.Mmonly.csproj", "{DE52DDF6-E91A-453E-89DB-C9B0E02BFB58}"
EndProject
Project("{9A19103F-16F7-4668-BE54-9A1E7A4F7556}") = "Berry.Spider.Mmonly.Contracts", "src\Berry.Spider.Mmonly.Contracts\Berry.Spider.Mmonly.Contracts.csproj", "{C9C17B33-D692-4EC2-8C73-D01CDF1B9764}"
EndProject
Project("{9A19103F-16F7-4668-BE54-9A1E7A4F7556}") = "Berry.Spider.FileDownloader.Mmonly", "src\Berry.Spider.FileDownloader.Mmonly\Berry.Spider.FileDownloader.Mmonly.csproj", "{E35B6922-6E69-4756-915D-E25C57546C4F}"
EndProject
Project("{2150E333-8FDC-42A3-9474-1A3956D46DE8}") = "tools", "tools", "{523AD30F-FF86-456E-874E-456979B4141F}"
EndProject
Project("{9A19103F-16F7-4668-BE54-9A1E7A4F7556}") = "Berry.Spider.Tools.TxtFileToDb", "src\Berry.Spider.Tools.TxtFileToDb\Berry.Spider.Tools.TxtFileToDb.csproj", "{29BA1564-E045-43CE-8A7C-32FA9C561D97}"
EndProject
Project("{9A19103F-16F7-4668-BE54-9A1E7A4F7556}") = "Berry.Spider.Tools.ExcelFileToDb", "src\Berry.Spider.Tools.ExcelFileToDb\Berry.Spider.Tools.ExcelFileToDb.csproj", "{D358A27D-38EF-4B19-B2EF-527EFF934C9B}"
EndProject
Project("{2150E333-8FDC-42A3-9474-1A3956D46DE8}") = "sogou", "sogou", "{BC85FF4F-E52D-4F2A-B359-0408CCCA8147}"
EndProject
Project("{9A19103F-16F7-4668-BE54-9A1E7A4F7556}") = "Berry.Spider.Sogou.Contracts", "src\Berry.Spider.Sogou.Contracts\Berry.Spider.Sogou.Contracts.csproj", "{72A4FBDB-4041-4E76-BAC8-42EA1A484AB6}"
EndProject
Project("{9A19103F-16F7-4668-BE54-9A1E7A4F7556}") = "Berry.Spider.Sogou", "src\Berry.Spider.Sogou\Berry.Spider.Sogou.csproj", "{51945B87-9C9E-4586-9E07-979A6C5CA852}"
EndProject
Project("{9A19103F-16F7-4668-BE54-9A1E7A4F7556}") = "Berry.Spider.Consumers", "src\Berry.Spider.Consumers\Berry.Spider.Consumers.csproj", "{2AD1E30B-E2C8-4643-BA84-80437610EF04}"
EndProject
Project("{9A19103F-16F7-4668-BE54-9A1E7A4F7556}") = "Berry.Spider.Abstractions", "src\Berry.Spider.Abstractions\Berry.Spider.Abstractions.csproj", "{FAEB7938-3E68-4CD3-9354-ADEB4B3E234D}"
EndProject
Project("{9A19103F-16F7-4668-BE54-9A1E7A4F7556}") = "Berry.Spider.Tools.BuildSMData", "src\Berry.Spider.Tools.BuildSMData\Berry.Spider.Tools.BuildSMData.csproj", "{9856C125-CD5F-4CAF-B6F9-C57EB0F8B5A4}"
EndProject
Project("{FAE04EC0-301F-11D3-BF4B-00C04F79EFBC}") = "Berry.Spider.Proxy.Abstractions", "src\Berry.Spider.Proxy.Abstractions\Berry.Spider.Proxy.Abstractions.csproj", "{33563F6C-5BD0-4CC3-A4F2-41497940A8E8}"
EndProject
Project("{FAE04EC0-301F-11D3-BF4B-00C04F79EFBC}") = "Berry.Spider.Proxy.QgNet", "src\Berry.Spider.Proxy.QgNet\Berry.Spider.Proxy.QgNet.csproj", "{F8C6D9E4-E087-4C85-859B-53C1649BB867}"
EndProject
Project("{FAE04EC0-301F-11D3-BF4B-00C04F79EFBC}") = "Berry.Spider.Proxy", "src\Berry.Spider.Proxy\Berry.Spider.Proxy.csproj", "{D3D9DFEE-0067-4E6D-A78D-EEFB0B3D830F}"
EndProject
Global
	GlobalSection(SolutionConfigurationPlatforms) = preSolution
		Debug|Any CPU = Debug|Any CPU
		Release|Any CPU = Release|Any CPU
	EndGlobalSection
	GlobalSection(ProjectConfigurationPlatforms) = postSolution
		{5CCD2E94-01CF-4F72-99B2-5DF458747F99}.Debug|Any CPU.ActiveCfg = Debug|Any CPU
		{5CCD2E94-01CF-4F72-99B2-5DF458747F99}.Debug|Any CPU.Build.0 = Debug|Any CPU
		{5CCD2E94-01CF-4F72-99B2-5DF458747F99}.Release|Any CPU.ActiveCfg = Release|Any CPU
		{5CCD2E94-01CF-4F72-99B2-5DF458747F99}.Release|Any CPU.Build.0 = Release|Any CPU
		{09A70376-3B22-413F-A2D8-80C9B81E2C88}.Debug|Any CPU.ActiveCfg = Debug|Any CPU
		{09A70376-3B22-413F-A2D8-80C9B81E2C88}.Debug|Any CPU.Build.0 = Debug|Any CPU
		{09A70376-3B22-413F-A2D8-80C9B81E2C88}.Release|Any CPU.ActiveCfg = Release|Any CPU
		{09A70376-3B22-413F-A2D8-80C9B81E2C88}.Release|Any CPU.Build.0 = Release|Any CPU
		{8F5EFA6F-6997-4E36-A943-A28C48313310}.Debug|Any CPU.ActiveCfg = Debug|Any CPU
		{8F5EFA6F-6997-4E36-A943-A28C48313310}.Debug|Any CPU.Build.0 = Debug|Any CPU
		{8F5EFA6F-6997-4E36-A943-A28C48313310}.Release|Any CPU.ActiveCfg = Release|Any CPU
		{8F5EFA6F-6997-4E36-A943-A28C48313310}.Release|Any CPU.Build.0 = Release|Any CPU
		{91D15849-22D6-42CD-84D7-35A96C0D2EAB}.Debug|Any CPU.ActiveCfg = Debug|Any CPU
		{91D15849-22D6-42CD-84D7-35A96C0D2EAB}.Debug|Any CPU.Build.0 = Debug|Any CPU
		{91D15849-22D6-42CD-84D7-35A96C0D2EAB}.Release|Any CPU.ActiveCfg = Release|Any CPU
		{91D15849-22D6-42CD-84D7-35A96C0D2EAB}.Release|Any CPU.Build.0 = Release|Any CPU
		{A3626897-DEEC-4929-9EC3-DBABF6CAA85E}.Debug|Any CPU.ActiveCfg = Debug|Any CPU
		{A3626897-DEEC-4929-9EC3-DBABF6CAA85E}.Debug|Any CPU.Build.0 = Debug|Any CPU
		{A3626897-DEEC-4929-9EC3-DBABF6CAA85E}.Release|Any CPU.ActiveCfg = Release|Any CPU
		{A3626897-DEEC-4929-9EC3-DBABF6CAA85E}.Release|Any CPU.Build.0 = Release|Any CPU
		{7D96A8D8-811E-4A6E-856C-0A6D0588D368}.Debug|Any CPU.ActiveCfg = Debug|Any CPU
		{7D96A8D8-811E-4A6E-856C-0A6D0588D368}.Debug|Any CPU.Build.0 = Debug|Any CPU
		{7D96A8D8-811E-4A6E-856C-0A6D0588D368}.Release|Any CPU.ActiveCfg = Release|Any CPU
		{7D96A8D8-811E-4A6E-856C-0A6D0588D368}.Release|Any CPU.Build.0 = Release|Any CPU
		{C7F95C49-1A57-431F-99B4-644EBF85033E}.Debug|Any CPU.ActiveCfg = Debug|Any CPU
		{C7F95C49-1A57-431F-99B4-644EBF85033E}.Debug|Any CPU.Build.0 = Debug|Any CPU
		{C7F95C49-1A57-431F-99B4-644EBF85033E}.Release|Any CPU.ActiveCfg = Release|Any CPU
		{C7F95C49-1A57-431F-99B4-644EBF85033E}.Release|Any CPU.Build.0 = Release|Any CPU
		{19700694-945A-4484-9EB5-2CC5A9114CF1}.Debug|Any CPU.ActiveCfg = Debug|Any CPU
		{19700694-945A-4484-9EB5-2CC5A9114CF1}.Debug|Any CPU.Build.0 = Debug|Any CPU
		{19700694-945A-4484-9EB5-2CC5A9114CF1}.Release|Any CPU.ActiveCfg = Release|Any CPU
		{19700694-945A-4484-9EB5-2CC5A9114CF1}.Release|Any CPU.Build.0 = Release|Any CPU
		{A0D6AA7D-9654-4185-945E-33B1831F73BD}.Debug|Any CPU.ActiveCfg = Debug|Any CPU
		{A0D6AA7D-9654-4185-945E-33B1831F73BD}.Debug|Any CPU.Build.0 = Debug|Any CPU
		{A0D6AA7D-9654-4185-945E-33B1831F73BD}.Release|Any CPU.ActiveCfg = Release|Any CPU
		{A0D6AA7D-9654-4185-945E-33B1831F73BD}.Release|Any CPU.Build.0 = Release|Any CPU
		{DD4DD90F-E46A-4941-8BA8-382632F6F4FC}.Debug|Any CPU.ActiveCfg = Debug|Any CPU
		{DD4DD90F-E46A-4941-8BA8-382632F6F4FC}.Debug|Any CPU.Build.0 = Debug|Any CPU
		{DD4DD90F-E46A-4941-8BA8-382632F6F4FC}.Release|Any CPU.ActiveCfg = Release|Any CPU
		{DD4DD90F-E46A-4941-8BA8-382632F6F4FC}.Release|Any CPU.Build.0 = Release|Any CPU
		{A9BA18A9-DC1F-49EA-9186-18E2FEE358DB}.Debug|Any CPU.ActiveCfg = Debug|Any CPU
		{A9BA18A9-DC1F-49EA-9186-18E2FEE358DB}.Debug|Any CPU.Build.0 = Debug|Any CPU
		{A9BA18A9-DC1F-49EA-9186-18E2FEE358DB}.Release|Any CPU.ActiveCfg = Release|Any CPU
		{A9BA18A9-DC1F-49EA-9186-18E2FEE358DB}.Release|Any CPU.Build.0 = Release|Any CPU
		{C0057448-D22D-40A5-B78C-C3154BF7DBE4}.Debug|Any CPU.ActiveCfg = Debug|Any CPU
		{C0057448-D22D-40A5-B78C-C3154BF7DBE4}.Debug|Any CPU.Build.0 = Debug|Any CPU
		{C0057448-D22D-40A5-B78C-C3154BF7DBE4}.Release|Any CPU.ActiveCfg = Release|Any CPU
		{C0057448-D22D-40A5-B78C-C3154BF7DBE4}.Release|Any CPU.Build.0 = Release|Any CPU
		{D2EBF694-0152-4E73-A2CF-E268BE67BAEC}.Debug|Any CPU.ActiveCfg = Debug|Any CPU
		{D2EBF694-0152-4E73-A2CF-E268BE67BAEC}.Debug|Any CPU.Build.0 = Debug|Any CPU
		{D2EBF694-0152-4E73-A2CF-E268BE67BAEC}.Release|Any CPU.ActiveCfg = Release|Any CPU
		{D2EBF694-0152-4E73-A2CF-E268BE67BAEC}.Release|Any CPU.Build.0 = Release|Any CPU
		{A9267021-7218-4BCA-9486-93727FEAD581}.Debug|Any CPU.ActiveCfg = Debug|Any CPU
		{A9267021-7218-4BCA-9486-93727FEAD581}.Debug|Any CPU.Build.0 = Debug|Any CPU
		{A9267021-7218-4BCA-9486-93727FEAD581}.Release|Any CPU.ActiveCfg = Release|Any CPU
		{A9267021-7218-4BCA-9486-93727FEAD581}.Release|Any CPU.Build.0 = Release|Any CPU
		{228C47BA-251A-4A0D-9380-643DF4D8EFE1}.Debug|Any CPU.ActiveCfg = Debug|Any CPU
		{228C47BA-251A-4A0D-9380-643DF4D8EFE1}.Debug|Any CPU.Build.0 = Debug|Any CPU
		{228C47BA-251A-4A0D-9380-643DF4D8EFE1}.Release|Any CPU.ActiveCfg = Release|Any CPU
		{228C47BA-251A-4A0D-9380-643DF4D8EFE1}.Release|Any CPU.Build.0 = Release|Any CPU
		{C517153B-8B06-486F-87F7-4F2FB3DFF435}.Debug|Any CPU.ActiveCfg = Debug|Any CPU
		{C517153B-8B06-486F-87F7-4F2FB3DFF435}.Debug|Any CPU.Build.0 = Debug|Any CPU
		{C517153B-8B06-486F-87F7-4F2FB3DFF435}.Release|Any CPU.ActiveCfg = Release|Any CPU
		{C517153B-8B06-486F-87F7-4F2FB3DFF435}.Release|Any CPU.Build.0 = Release|Any CPU
		{4D46BB6D-E501-4404-B235-3874546A63EE}.Debug|Any CPU.ActiveCfg = Debug|Any CPU
		{4D46BB6D-E501-4404-B235-3874546A63EE}.Debug|Any CPU.Build.0 = Debug|Any CPU
		{4D46BB6D-E501-4404-B235-3874546A63EE}.Release|Any CPU.ActiveCfg = Release|Any CPU
		{4D46BB6D-E501-4404-B235-3874546A63EE}.Release|Any CPU.Build.0 = Release|Any CPU
		{DE52DDF6-E91A-453E-89DB-C9B0E02BFB58}.Debug|Any CPU.ActiveCfg = Debug|Any CPU
		{DE52DDF6-E91A-453E-89DB-C9B0E02BFB58}.Debug|Any CPU.Build.0 = Debug|Any CPU
		{DE52DDF6-E91A-453E-89DB-C9B0E02BFB58}.Release|Any CPU.ActiveCfg = Release|Any CPU
		{DE52DDF6-E91A-453E-89DB-C9B0E02BFB58}.Release|Any CPU.Build.0 = Release|Any CPU
		{C9C17B33-D692-4EC2-8C73-D01CDF1B9764}.Debug|Any CPU.ActiveCfg = Debug|Any CPU
		{C9C17B33-D692-4EC2-8C73-D01CDF1B9764}.Debug|Any CPU.Build.0 = Debug|Any CPU
		{C9C17B33-D692-4EC2-8C73-D01CDF1B9764}.Release|Any CPU.ActiveCfg = Release|Any CPU
		{C9C17B33-D692-4EC2-8C73-D01CDF1B9764}.Release|Any CPU.Build.0 = Release|Any CPU
		{E35B6922-6E69-4756-915D-E25C57546C4F}.Debug|Any CPU.ActiveCfg = Debug|Any CPU
		{E35B6922-6E69-4756-915D-E25C57546C4F}.Debug|Any CPU.Build.0 = Debug|Any CPU
		{E35B6922-6E69-4756-915D-E25C57546C4F}.Release|Any CPU.ActiveCfg = Release|Any CPU
		{E35B6922-6E69-4756-915D-E25C57546C4F}.Release|Any CPU.Build.0 = Release|Any CPU
		{29BA1564-E045-43CE-8A7C-32FA9C561D97}.Debug|Any CPU.ActiveCfg = Debug|Any CPU
		{29BA1564-E045-43CE-8A7C-32FA9C561D97}.Debug|Any CPU.Build.0 = Debug|Any CPU
		{29BA1564-E045-43CE-8A7C-32FA9C561D97}.Release|Any CPU.ActiveCfg = Release|Any CPU
		{29BA1564-E045-43CE-8A7C-32FA9C561D97}.Release|Any CPU.Build.0 = Release|Any CPU
		{D358A27D-38EF-4B19-B2EF-527EFF934C9B}.Debug|Any CPU.ActiveCfg = Debug|Any CPU
		{D358A27D-38EF-4B19-B2EF-527EFF934C9B}.Debug|Any CPU.Build.0 = Debug|Any CPU
		{D358A27D-38EF-4B19-B2EF-527EFF934C9B}.Release|Any CPU.ActiveCfg = Release|Any CPU
		{D358A27D-38EF-4B19-B2EF-527EFF934C9B}.Release|Any CPU.Build.0 = Release|Any CPU
		{72A4FBDB-4041-4E76-BAC8-42EA1A484AB6}.Debug|Any CPU.ActiveCfg = Debug|Any CPU
		{72A4FBDB-4041-4E76-BAC8-42EA1A484AB6}.Debug|Any CPU.Build.0 = Debug|Any CPU
		{72A4FBDB-4041-4E76-BAC8-42EA1A484AB6}.Release|Any CPU.ActiveCfg = Release|Any CPU
		{72A4FBDB-4041-4E76-BAC8-42EA1A484AB6}.Release|Any CPU.Build.0 = Release|Any CPU
		{51945B87-9C9E-4586-9E07-979A6C5CA852}.Debug|Any CPU.ActiveCfg = Debug|Any CPU
		{51945B87-9C9E-4586-9E07-979A6C5CA852}.Debug|Any CPU.Build.0 = Debug|Any CPU
		{51945B87-9C9E-4586-9E07-979A6C5CA852}.Release|Any CPU.ActiveCfg = Release|Any CPU
		{51945B87-9C9E-4586-9E07-979A6C5CA852}.Release|Any CPU.Build.0 = Release|Any CPU
		{2AD1E30B-E2C8-4643-BA84-80437610EF04}.Debug|Any CPU.ActiveCfg = Debug|Any CPU
		{2AD1E30B-E2C8-4643-BA84-80437610EF04}.Debug|Any CPU.Build.0 = Debug|Any CPU
		{2AD1E30B-E2C8-4643-BA84-80437610EF04}.Release|Any CPU.ActiveCfg = Release|Any CPU
		{2AD1E30B-E2C8-4643-BA84-80437610EF04}.Release|Any CPU.Build.0 = Release|Any CPU
		{FAEB7938-3E68-4CD3-9354-ADEB4B3E234D}.Debug|Any CPU.ActiveCfg = Debug|Any CPU
		{FAEB7938-3E68-4CD3-9354-ADEB4B3E234D}.Debug|Any CPU.Build.0 = Debug|Any CPU
		{FAEB7938-3E68-4CD3-9354-ADEB4B3E234D}.Release|Any CPU.ActiveCfg = Release|Any CPU
		{FAEB7938-3E68-4CD3-9354-ADEB4B3E234D}.Release|Any CPU.Build.0 = Release|Any CPU
		{9856C125-CD5F-4CAF-B6F9-C57EB0F8B5A4}.Debug|Any CPU.ActiveCfg = Debug|Any CPU
		{9856C125-CD5F-4CAF-B6F9-C57EB0F8B5A4}.Debug|Any CPU.Build.0 = Debug|Any CPU
		{9856C125-CD5F-4CAF-B6F9-C57EB0F8B5A4}.Release|Any CPU.ActiveCfg = Release|Any CPU
		{9856C125-CD5F-4CAF-B6F9-C57EB0F8B5A4}.Release|Any CPU.Build.0 = Release|Any CPU
		{33563F6C-5BD0-4CC3-A4F2-41497940A8E8}.Debug|Any CPU.ActiveCfg = Debug|Any CPU
		{33563F6C-5BD0-4CC3-A4F2-41497940A8E8}.Debug|Any CPU.Build.0 = Debug|Any CPU
		{33563F6C-5BD0-4CC3-A4F2-41497940A8E8}.Release|Any CPU.ActiveCfg = Release|Any CPU
		{33563F6C-5BD0-4CC3-A4F2-41497940A8E8}.Release|Any CPU.Build.0 = Release|Any CPU
		{F8C6D9E4-E087-4C85-859B-53C1649BB867}.Debug|Any CPU.ActiveCfg = Debug|Any CPU
		{F8C6D9E4-E087-4C85-859B-53C1649BB867}.Debug|Any CPU.Build.0 = Debug|Any CPU
		{F8C6D9E4-E087-4C85-859B-53C1649BB867}.Release|Any CPU.ActiveCfg = Release|Any CPU
		{F8C6D9E4-E087-4C85-859B-53C1649BB867}.Release|Any CPU.Build.0 = Release|Any CPU
		{D3D9DFEE-0067-4E6D-A78D-EEFB0B3D830F}.Debug|Any CPU.ActiveCfg = Debug|Any CPU
		{D3D9DFEE-0067-4E6D-A78D-EEFB0B3D830F}.Debug|Any CPU.Build.0 = Debug|Any CPU
		{D3D9DFEE-0067-4E6D-A78D-EEFB0B3D830F}.Release|Any CPU.ActiveCfg = Release|Any CPU
		{D3D9DFEE-0067-4E6D-A78D-EEFB0B3D830F}.Release|Any CPU.Build.0 = Release|Any CPU
	EndGlobalSection
	GlobalSection(SolutionProperties) = preSolution
		HideSolutionNode = FALSE
	EndGlobalSection
	GlobalSection(NestedProjects) = preSolution
		{5CCD2E94-01CF-4F72-99B2-5DF458747F99} = {8267A241-A968-48C0-929A-2BEF8E2A14AF}
		{09A70376-3B22-413F-A2D8-80C9B81E2C88} = {EDB4C913-7DC8-493B-B057-9B7090448DDE}
		{8F5EFA6F-6997-4E36-A943-A28C48313310} = {8267A241-A968-48C0-929A-2BEF8E2A14AF}
		{91D15849-22D6-42CD-84D7-35A96C0D2EAB} = {EDB4C913-7DC8-493B-B057-9B7090448DDE}
		{A3626897-DEEC-4929-9EC3-DBABF6CAA85E} = {A62EA0AB-0556-4384-8F50-B4C713DE74EB}
		{DAC6D741-6163-4917-A926-778D6DAD0EE0} = {8267A241-A968-48C0-929A-2BEF8E2A14AF}
		{EDB4C913-7DC8-493B-B057-9B7090448DDE} = {DAC6D741-6163-4917-A926-778D6DAD0EE0}
		{7D96A8D8-811E-4A6E-856C-0A6D0588D368} = {8267A241-A968-48C0-929A-2BEF8E2A14AF}
		{C7F95C49-1A57-431F-99B4-644EBF85033E} = {8267A241-A968-48C0-929A-2BEF8E2A14AF}
		{19700694-945A-4484-9EB5-2CC5A9114CF1} = {8267A241-A968-48C0-929A-2BEF8E2A14AF}
		{A0D6AA7D-9654-4185-945E-33B1831F73BD} = {A367E6F6-AAE2-4ED0-B0C1-FB7BACE3CFC3}
		{DD4DD90F-E46A-4941-8BA8-382632F6F4FC} = {8267A241-A968-48C0-929A-2BEF8E2A14AF}
		{A9BA18A9-DC1F-49EA-9186-18E2FEE358DB} = {A62EA0AB-0556-4384-8F50-B4C713DE74EB}
		{A367E6F6-AAE2-4ED0-B0C1-FB7BACE3CFC3} = {DAC6D741-6163-4917-A926-778D6DAD0EE0}
		{C0057448-D22D-40A5-B78C-C3154BF7DBE4} = {A367E6F6-AAE2-4ED0-B0C1-FB7BACE3CFC3}
		{8202E0ED-BECA-48CE-83E7-1EEB4B12A6A3} = {DAC6D741-6163-4917-A926-778D6DAD0EE0}
		{D2EBF694-0152-4E73-A2CF-E268BE67BAEC} = {8202E0ED-BECA-48CE-83E7-1EEB4B12A6A3}
		{A9267021-7218-4BCA-9486-93727FEAD581} = {8202E0ED-BECA-48CE-83E7-1EEB4B12A6A3}
		{228C47BA-251A-4A0D-9380-643DF4D8EFE1} = {EEB6AD93-C862-409B-861A-B122CEE4DCA2}
		{C517153B-8B06-486F-87F7-4F2FB3DFF435} = {A62EA0AB-0556-4384-8F50-B4C713DE74EB}
		{4D46BB6D-E501-4404-B235-3874546A63EE} = {8267A241-A968-48C0-929A-2BEF8E2A14AF}
		{D6F3C84D-94DF-49E9-85BB-1297B1994306} = {DAC6D741-6163-4917-A926-778D6DAD0EE0}
		{DE52DDF6-E91A-453E-89DB-C9B0E02BFB58} = {D6F3C84D-94DF-49E9-85BB-1297B1994306}
		{C9C17B33-D692-4EC2-8C73-D01CDF1B9764} = {D6F3C84D-94DF-49E9-85BB-1297B1994306}
		{E35B6922-6E69-4756-915D-E25C57546C4F} = {A62EA0AB-0556-4384-8F50-B4C713DE74EB}
		{523AD30F-FF86-456E-874E-456979B4141F} = {8267A241-A968-48C0-929A-2BEF8E2A14AF}
		{29BA1564-E045-43CE-8A7C-32FA9C561D97} = {523AD30F-FF86-456E-874E-456979B4141F}
		{D358A27D-38EF-4B19-B2EF-527EFF934C9B} = {523AD30F-FF86-456E-874E-456979B4141F}
		{BC85FF4F-E52D-4F2A-B359-0408CCCA8147} = {DAC6D741-6163-4917-A926-778D6DAD0EE0}
		{72A4FBDB-4041-4E76-BAC8-42EA1A484AB6} = {BC85FF4F-E52D-4F2A-B359-0408CCCA8147}
		{51945B87-9C9E-4586-9E07-979A6C5CA852} = {BC85FF4F-E52D-4F2A-B359-0408CCCA8147}
		{2AD1E30B-E2C8-4643-BA84-80437610EF04} = {A62EA0AB-0556-4384-8F50-B4C713DE74EB}
		{FAEB7938-3E68-4CD3-9354-ADEB4B3E234D} = {DAC6D741-6163-4917-A926-778D6DAD0EE0}
		{9856C125-CD5F-4CAF-B6F9-C57EB0F8B5A4} = {523AD30F-FF86-456E-874E-456979B4141F}
		{33563F6C-5BD0-4CC3-A4F2-41497940A8E8} = {8267A241-A968-48C0-929A-2BEF8E2A14AF}
		{F8C6D9E4-E087-4C85-859B-53C1649BB867} = {8267A241-A968-48C0-929A-2BEF8E2A14AF}
		{D3D9DFEE-0067-4E6D-A78D-EEFB0B3D830F} = {8267A241-A968-48C0-929A-2BEF8E2A14AF}
	EndGlobalSection
	GlobalSection(ExtensibilityGlobals) = postSolution
		SolutionGuid = {4B84DCEB-1712-4B0D-9E25-16D9BAF7A20A}
	EndGlobalSection
EndGlobal
